// !$*UTF8*$!
{
	archiveVersion = 1;
	classes = {
	};
	objectVersion = 46;
	objects = {

/* Begin PBXBuildFile section */
		1CEDCE7C1A888F0C00A04AA6 /* main.m in Sources */ = {isa = PBXBuildFile; fileRef = 1CEDCE7B1A888F0C00A04AA6 /* main.m */; };
		1CEDCE7F1A888F0C00A04AA6 /* AppDelegate.m in Sources */ = {isa = PBXBuildFile; fileRef = 1CEDCE7E1A888F0C00A04AA6 /* AppDelegate.m */; };
		1CEDCE851A888F0C00A04AA6 /* Main.storyboard in Resources */ = {isa = PBXBuildFile; fileRef = 1CEDCE831A888F0C00A04AA6 /* Main.storyboard */; };
		1CEDCE871A888F0C00A04AA6 /* Images.xcassets in Resources */ = {isa = PBXBuildFile; fileRef = 1CEDCE861A888F0C00A04AA6 /* Images.xcassets */; };
		1CEDCE8A1A888F0C00A04AA6 /* LaunchScreen.xib in Resources */ = {isa = PBXBuildFile; fileRef = 1CEDCE881A888F0C00A04AA6 /* LaunchScreen.xib */; };
		1CEDCE961A888F0D00A04AA6 /* ToDoListTests.m in Sources */ = {isa = PBXBuildFile; fileRef = 1CEDCE951A888F0D00A04AA6 /* ToDoListTests.m */; };
		1CEDCEA11A88A12900A04AA6 /* AddToDoItemViewController.m in Sources */ = {isa = PBXBuildFile; fileRef = 1CEDCEA01A88A12900A04AA6 /* AddToDoItemViewController.m */; };
		1CEDCEA41A88A2F200A04AA6 /* ToDoListTableViewController.m in Sources */ = {isa = PBXBuildFile; fileRef = 1CEDCEA31A88A2F200A04AA6 /* ToDoListTableViewController.m */; };
		1CEDCEA71A88A6F000A04AA6 /* ToDoItem.m in Sources */ = {isa = PBXBuildFile; fileRef = 1CEDCEA61A88A6F000A04AA6 /* ToDoItem.m */; };
/* End PBXBuildFile section */

/* Begin PBXContainerItemProxy section */
		1CEDCE901A888F0C00A04AA6 /* PBXContainerItemProxy */ = {
			isa = PBXContainerItemProxy;
			containerPortal = 1CEDCE6E1A888F0C00A04AA6 /* Project object */;
			proxyType = 1;
			remoteGlobalIDString = 1CEDCE751A888F0C00A04AA6;
			remoteInfo = ToDoList;
		};
/* End PBXContainerItemProxy section */

/* Begin PBXFileReference section */
		1CEDCE761A888F0C00A04AA6 /* ToDoList.app */ = {isa = PBXFileReference; explicitFileType = wrapper.application; includeInIndex = 0; path = ToDoList.app; sourceTree = BUILT_PRODUCTS_DIR; };
		1CEDCE7A1A888F0C00A04AA6 /* Info.plist */ = {isa = PBXFileReference; lastKnownFileType = text.plist.xml; path = Info.plist; sourceTree = "<group>"; };
		1CEDCE7B1A888F0C00A04AA6 /* main.m */ = {isa = PBXFileReference; lastKnownFileType = sourcecode.c.objc; path = main.m; sourceTree = "<group>"; };
		1CEDCE7D1A888F0C00A04AA6 /* AppDelegate.h */ = {isa = PBXFileReference; lastKnownFileType = sourcecode.c.h; path = AppDelegate.h; sourceTree = "<group>"; };
		1CEDCE7E1A888F0C00A04AA6 /* AppDelegate.m */ = {isa = PBXFileReference; lastKnownFileType = sourcecode.c.objc; path = AppDelegate.m; sourceTree = "<group>"; };
		1CEDCE841A888F0C00A04AA6 /* Base */ = {isa = PBXFileReference; lastKnownFileType = file.storyboard; name = Base; path = Base.lproj/Main.storyboard; sourceTree = "<group>"; };
		1CEDCE861A888F0C00A04AA6 /* Images.xcassets */ = {isa = PBXFileReference; lastKnownFileType = folder.assetcatalog; path = Images.xcassets; sourceTree = "<group>"; };
		1CEDCE891A888F0C00A04AA6 /* Base */ = {isa = PBXFileReference; lastKnownFileType = file.xib; name = Base; path = Base.lproj/LaunchScreen.xib; sourceTree = "<group>"; };
		1CEDCE8F1A888F0C00A04AA6 /* ToDoListTests.xctest */ = {isa = PBXFileReference; explicitFileType = wrapper.cfbundle; includeInIndex = 0; path = ToDoListTests.xctest; sourceTree = BUILT_PRODUCTS_DIR; };
		1CEDCE941A888F0D00A04AA6 /* Info.plist */ = {isa = PBXFileReference; lastKnownFileType = text.plist.xml; path = Info.plist; sourceTree = "<group>"; };
		1CEDCE951A888F0D00A04AA6 /* ToDoListTests.m */ = {isa = PBXFileReference; lastKnownFileType = sourcecode.c.objc; path = ToDoListTests.m; sourceTree = "<group>"; };
		1CEDCE9F1A88A12900A04AA6 /* AddToDoItemViewController.h */ = {isa = PBXFileReference; fileEncoding = 4; lastKnownFileType = sourcecode.c.h; path = AddToDoItemViewController.h; sourceTree = "<group>"; };
		1CEDCEA01A88A12900A04AA6 /* AddToDoItemViewController.m */ = {isa = PBXFileReference; fileEncoding = 4; lastKnownFileType = sourcecode.c.objc; path = AddToDoItemViewController.m; sourceTree = "<group>"; };
		1CEDCEA21A88A2F200A04AA6 /* ToDoListTableViewController.h */ = {isa = PBXFileReference; fileEncoding = 4; lastKnownFileType = sourcecode.c.h; path = ToDoListTableViewController.h; sourceTree = "<group>"; };
		1CEDCEA31A88A2F200A04AA6 /* ToDoListTableViewController.m */ = {isa = PBXFileReference; fileEncoding = 4; lastKnownFileType = sourcecode.c.objc; path = ToDoListTableViewController.m; sourceTree = "<group>"; };
		1CEDCEA51A88A6F000A04AA6 /* ToDoItem.h */ = {isa = PBXFileReference; fileEncoding = 4; lastKnownFileType = sourcecode.c.h; path = ToDoItem.h; sourceTree = "<group>"; };
		1CEDCEA61A88A6F000A04AA6 /* ToDoItem.m */ = {isa = PBXFileReference; fileEncoding = 4; lastKnownFileType = sourcecode.c.objc; path = ToDoItem.m; sourceTree = "<group>"; };
/* End PBXFileReference section */

/* Begin PBXFrameworksBuildPhase section */
		1CEDCE731A888F0C00A04AA6 /* Frameworks */ = {
			isa = PBXFrameworksBuildPhase;
			buildActionMask = 2147483647;
			files = (
			);
			runOnlyForDeploymentPostprocessing = 0;
		};
		1CEDCE8C1A888F0C00A04AA6 /* Frameworks */ = {
			isa = PBXFrameworksBuildPhase;
			buildActionMask = 2147483647;
			files = (
			);
			runOnlyForDeploymentPostprocessing = 0;
		};
/* End PBXFrameworksBuildPhase section */

/* Begin PBXGroup section */
		1CEDCE6D1A888F0C00A04AA6 = {
			isa = PBXGroup;
			children = (
				1CEDCE781A888F0C00A04AA6 /* ToDoList */,
				1CEDCE921A888F0D00A04AA6 /* ToDoListTests */,
				1CEDCE771A888F0C00A04AA6 /* Products */,
			);
			sourceTree = "<group>";
		};
		1CEDCE771A888F0C00A04AA6 /* Products */ = {
			isa = PBXGroup;
			children = (
				1CEDCE761A888F0C00A04AA6 /* ToDoList.app */,
				1CEDCE8F1A888F0C00A04AA6 /* ToDoListTests.xctest */,
			);
			name = Products;
			sourceTree = "<group>";
		};
		1CEDCE781A888F0C00A04AA6 /* ToDoList */ = {
			isa = PBXGroup;
			children = (
				1CEDCE7D1A888F0C00A04AA6 /* AppDelegate.h */,
				1CEDCE7E1A888F0C00A04AA6 /* AppDelegate.m */,
				1CEDCE831A888F0C00A04AA6 /* Main.storyboard */,
				1CEDCEA21A88A2F200A04AA6 /* ToDoListTableViewController.h */,
				1CEDCEA51A88A6F000A04AA6 /* ToDoItem.h */,
				1CEDCEA61A88A6F000A04AA6 /* ToDoItem.m */,
				1CEDCEA31A88A2F200A04AA6 /* ToDoListTableViewController.m */,
				1CEDCE9F1A88A12900A04AA6 /* AddToDoItemViewController.h */,
				1CEDCEA01A88A12900A04AA6 /* AddToDoItemViewController.m */,
				1CEDCE861A888F0C00A04AA6 /* Images.xcassets */,
				1CEDCE881A888F0C00A04AA6 /* LaunchScreen.xib */,
				1CEDCE791A888F0C00A04AA6 /* Supporting Files */,
			);
			path = ToDoList;
			sourceTree = "<group>";
		};
		1CEDCE791A888F0C00A04AA6 /* Supporting Files */ = {
			isa = PBXGroup;
			children = (
				1CEDCE7A1A888F0C00A04AA6 /* Info.plist */,
				1CEDCE7B1A888F0C00A04AA6 /* main.m */,
			);
			name = "Supporting Files";
			sourceTree = "<group>";
		};
		1CEDCE921A888F0D00A04AA6 /* ToDoListTests */ = {
			isa = PBXGroup;
			children = (
				1CEDCE951A888F0D00A04AA6 /* ToDoListTests.m */,
				1CEDCE931A888F0D00A04AA6 /* Supporting Files */,
			);
			path = ToDoListTests;
			sourceTree = "<group>";
		};
		1CEDCE931A888F0D00A04AA6 /* Supporting Files */ = {
			isa = PBXGroup;
			children = (
				1CEDCE941A888F0D00A04AA6 /* Info.plist */,
			);
			name = "Supporting Files";
			sourceTree = "<group>";
		};
/* End PBXGroup section */

/* Begin PBXNativeTarget section */
		1CEDCE751A888F0C00A04AA6 /* ToDoList */ = {
			isa = PBXNativeTarget;
			buildConfigurationList = 1CEDCE991A888F0D00A04AA6 /* Build configuration list for PBXNativeTarget "ToDoList" */;
			buildPhases = (
				1CEDCE721A888F0C00A04AA6 /* Sources */,
				1CEDCE731A888F0C00A04AA6 /* Frameworks */,
				1CEDCE741A888F0C00A04AA6 /* Resources */,
			);
			buildRules = (
			);
			dependencies = (
			);
			name = ToDoList;
			productName = ToDoList;
			productReference = 1CEDCE761A888F0C00A04AA6 /* ToDoList.app */;
			productType = "com.apple.product-type.application";
		};
		1CEDCE8E1A888F0C00A04AA6 /* ToDoListTests */ = {
			isa = PBXNativeTarget;
			buildConfigurationList = 1CEDCE9C1A888F0D00A04AA6 /* Build configuration list for PBXNativeTarget "ToDoListTests" */;
			buildPhases = (
				1CEDCE8B1A888F0C00A04AA6 /* Sources */,
				1CEDCE8C1A888F0C00A04AA6 /* Frameworks */,
				1CEDCE8D1A888F0C00A04AA6 /* Resources */,
			);
			buildRules = (
			);
			dependencies = (
				1CEDCE911A888F0C00A04AA6 /* PBXTargetDependency */,
			);
			name = ToDoListTests;
			productName = ToDoListTests;
			productReference = 1CEDCE8F1A888F0C00A04AA6 /* ToDoListTests.xctest */;
			productType = "com.apple.product-type.bundle.unit-test";
		};
/* End PBXNativeTarget section */

/* Begin PBXProject section */
		1CEDCE6E1A888F0C00A04AA6 /* Project object */ = {
			isa = PBXProject;
			attributes = {
				LastUpgradeCheck = 0610;
				ORGANIZATIONNAME = pddk;
				TargetAttributes = {
					1CEDCE751A888F0C00A04AA6 = {
						CreatedOnToolsVersion = 6.1.1;
					};
					1CEDCE8E1A888F0C00A04AA6 = {
						CreatedOnToolsVersion = 6.1.1;
						TestTargetID = 1CEDCE751A888F0C00A04AA6;
					};
				};
			};
			buildConfigurationList = 1CEDCE711A888F0C00A04AA6 /* Build configuration list for PBXProject "ToDoList" */;
			compatibilityVersion = "Xcode 3.2";
			developmentRegion = English;
			hasScannedForEncodings = 0;
			knownRegions = (
				en,
				Base,
			);
			mainGroup = 1CEDCE6D1A888F0C00A04AA6;
			productRefGroup = 1CEDCE771A888F0C00A04AA6 /* Products */;
			projectDirPath = "";
			projectRoot = "";
			targets = (
				1CEDCE751A888F0C00A04AA6 /* ToDoList */,
				1CEDCE8E1A888F0C00A04AA6 /* ToDoListTests */,
			);
		};
/* End PBXProject section */

/* Begin PBXResourcesBuildPhase section */
		1CEDCE741A888F0C00A04AA6 /* Resources */ = {
			isa = PBXResourcesBuildPhase;
			buildActionMask = 2147483647;
			files = (
				1CEDCE851A888F0C00A04AA6 /* Main.storyboard in Resources */,
				1CEDCE8A1A888F0C00A04AA6 /* LaunchScreen.xib in Resources */,
				1CEDCE871A888F0C00A04AA6 /* Images.xcassets in Resources */,
			);
			runOnlyForDeploymentPostprocessing = 0;
		};
		1CEDCE8D1A888F0C00A04AA6 /* Resources */ = {
			isa = PBXResourcesBuildPhase;
			buildActionMask = 2147483647;
			files = (
			);
			runOnlyForDeploymentPostprocessing = 0;
		};
/* End PBXResourcesBuildPhase section */

/* Begin PBXSourcesBuildPhase section */
		1CEDCE721A888F0C00A04AA6 /* Sources */ = {
			isa = PBXSourcesBuildPhase;
			buildActionMask = 2147483647;
			files = (
				1CEDCEA71A88A6F000A04AA6 /* ToDoItem.m in Sources */,
				1CEDCE7F1A888F0C00A04AA6 /* AppDelegate.m in Sources */,
				1CEDCE7C1A888F0C00A04AA6 /* main.m in Sources */,
				1CEDCEA41A88A2F200A04AA6 /* ToDoListTableViewController.m in Sources */,
				1CEDCEA11A88A12900A04AA6 /* AddToDoItemViewController.m in Sources */,
			);
			runOnlyForDeploymentPostprocessing = 0;
		};
		1CEDCE8B1A888F0C00A04AA6 /* Sources */ = {
			isa = PBXSourcesBuildPhase;
			buildActionMask = 2147483647;
			files = (
				1CEDCE961A888F0D00A04AA6 /* ToDoListTests.m in Sources */,
			);
			runOnlyForDeploymentPostprocessing = 0;
		};
/* End PBXSourcesBuildPhase section */

/* Begin PBXTargetDependency section */
		1CEDCE911A888F0C00A04AA6 /* PBXTargetDependency */ = {
			isa = PBXTargetDependency;
			target = 1CEDCE751A888F0C00A04AA6 /* ToDoList */;
			targetProxy = 1CEDCE901A888F0C00A04AA6 /* PBXContainerItemProxy */;
		};
/* End PBXTargetDependency section */

/* Begin PBXVariantGroup section */
		1CEDCE831A888F0C00A04AA6 /* Main.storyboard */ = {
			isa = PBXVariantGroup;
			children = (
				1CEDCE841A888F0C00A04AA6 /* Base */,
			);
			name = Main.storyboard;
			sourceTree = "<group>";
		};
		1CEDCE881A888F0C00A04AA6 /* LaunchScreen.xib */ = {
			isa = PBXVariantGroup;
			children = (
				1CEDCE891A888F0C00A04AA6 /* Base */,
			);
			name = LaunchScreen.xib;
			sourceTree = "<group>";
		};
/* End PBXVariantGroup section */

/* Begin XCBuildConfiguration section */
		1CEDCE971A888F0D00A04AA6 /* Debug */ = {
			isa = XCBuildConfiguration;
			buildSettings = {
				ALWAYS_SEARCH_USER_PATHS = NO;
				CLANG_CXX_LANGUAGE_STANDARD = "gnu++0x";
				CLANG_CXX_LIBRARY = "libc++";
				CLANG_ENABLE_MODULES = YES;
				CLANG_ENABLE_OBJC_ARC = YES;
				CLANG_WARN_BOOL_CONVERSION = YES;
				CLANG_WARN_CONSTANT_CONVERSION = YES;
				CLANG_WARN_DIRECT_OBJC_ISA_USAGE = YES_ERROR;
				CLANG_WARN_EMPTY_BODY = YES;
				CLANG_WARN_ENUM_CONVERSION = YES;
				CLANG_WARN_INT_CONVERSION = YES;
				CLANG_WARN_OBJC_ROOT_CLASS = YES_ERROR;
				CLANG_WARN_UNREACHABLE_CODE = YES;
				CLANG_WARN__DUPLICATE_METHOD_MATCH = YES;
				"CODE_SIGN_IDENTITY[sdk=iphoneos*]" = "iPhone Developer";
				COPY_PHASE_STRIP = NO;
				ENABLE_STRICT_OBJC_MSGSEND = YES;
				GCC_C_LANGUAGE_STANDARD = gnu99;
				GCC_DYNAMIC_NO_PIC = NO;
				GCC_OPTIMIZATION_LEVEL = 0;
				GCC_PREPROCESSOR_DEFINITIONS = (
					"DEBUG=1",
					"$(inherited)",
				);
				GCC_SYMBOLS_PRIVATE_EXTERN = NO;
				GCC_WARN_64_TO_32_BIT_CONVERSION = YES;
				GCC_WARN_ABOUT_RETURN_TYPE = YES_ERROR;
				GCC_WARN_UNDECLARED_SELECTOR = YES;
				GCC_WARN_UNINITIALIZED_AUTOS = YES_AGGRESSIVE;
				GCC_WARN_UNUSED_FUNCTION = YES;
				GCC_WARN_UNUSED_VARIABLE = YES;
				IPHONEOS_DEPLOYMENT_TARGET = 8.1;
				MTL_ENABLE_DEBUG_INFO = YES;
				ONLY_ACTIVE_ARCH = YES;
				SDKROOT = iphoneos;
			};
			name = Debug;
		};
		1CEDCE981A888F0D00A04AA6 /* Release */ = {
			isa = XCBuildConfiguration;
			buildSettings = {
				ALWAYS_SEARCH_USER_PATHS = NO;
				CLANG_CXX_LANGUAGE_STANDARD = "gnu++0x";
				CLANG_CXX_LIBRARY = "libc++";
				CLANG_ENABLE_MODULES = YES;
				CLANG_ENABLE_OBJC_ARC = YES;
				CLANG_WARN_BOOL_CONVERSION = YES;
				CLANG_WARN_CONSTANT_CONVERSION = YES;
				CLANG_WARN_DIRECT_OBJC_ISA_USAGE = YES_ERROR;
				CLANG_WARN_EMPTY_BODY = YES;
				CLANG_WARN_ENUM_CONVERSION = YES;
				CLANG_WARN_INT_CONVERSION = YES;
				CLANG_WARN_OBJC_ROOT_CLASS = YES_ERROR;
				CLANG_WARN_UNREACHABLE_CODE = YES;
				CLANG_WARN__DUPLICATE_METHOD_MATCH = YES;
				"CODE_SIGN_IDENTITY[sdk=iphoneos*]" = "iPhone Developer";
				COPY_PHASE_STRIP = YES;
				ENABLE_NS_ASSERTIONS = NO;
				ENABLE_STRICT_OBJC_MSGSEND = YES;
				GCC_C_LANGUAGE_STANDARD = gnu99;
				GCC_WARN_64_TO_32_BIT_CONVERSION = YES;
				GCC_WARN_ABOUT_RETURN_TYPE = YES_ERROR;
				GCC_WARN_UNDECLARED_SELECTOR = YES;
				GCC_WARN_UNINITIALIZED_AUTOS = YES_AGGRESSIVE;
				GCC_WARN_UNUSED_FUNCTION = YES;
				GCC_WARN_UNUSED_VARIABLE = YES;
				IPHONEOS_DEPLOYMENT_TARGET = 8.1;
				MTL_ENABLE_DEBUG_INFO = NO;
				SDKROOT = iphoneos;
				VALIDATE_PRODUCT = YES;
			};
			name = Release;
		};
		1CEDCE9A1A888F0D00A04AA6 /* Debug */ = {
			isa = XCBuildConfiguration;
			buildSettings = {
				ASSETCATALOG_COMPILER_APPICON_NAME = AppIcon;
				INFOPLIST_FILE = ToDoList/Info.plist;
				LD_RUNPATH_SEARCH_PATHS = "$(inherited) @executable_path/Frameworks";
				PRODUCT_NAME = "$(TARGET_NAME)";
			};
			name = Debug;
		};
		1CEDCE9B1A888F0D00A04AA6 /* Release */ = {
			isa = XCBuildConfiguration;
			buildSettings = {
				ASSETCATALOG_COMPILER_APPICON_NAME = AppIcon;
				INFOPLIST_FILE = ToDoList/Info.plist;
				LD_RUNPATH_SEARCH_PATHS = "$(inherited) @executable_path/Frameworks";
				PRODUCT_NAME = "$(TARGET_NAME)";
			};
			name = Release;
		};
		1CEDCE9D1A888F0D00A04AA6 /* Debug */ = {
			isa = XCBuildConfiguration;
			buildSettings = {
				BUNDLE_LOADER = "$(TEST_HOST)";
				FRAMEWORK_SEARCH_PATHS = (
					"$(SDKROOT)/Developer/Library/Frameworks",
					"$(inherited)",
				);
				GCC_PREPROCESSOR_DEFINITIONS = (
					"DEBUG=1",
					"$(inherited)",
				);
				INFOPLIST_FILE = ToDoListTests/Info.plist;
				LD_RUNPATH_SEARCH_PATHS = "$(inherited) @executable_path/Frameworks @loader_path/Frameworks";
				PRODUCT_NAME = "$(TARGET_NAME)";
				TEST_HOST = "$(BUILT_PRODUCTS_DIR)/ToDoList.app/ToDoList";
			};
			name = Debug;
		};
		1CEDCE9E1A888F0D00A04AA6 /* Release */ = {
			isa = XCBuildConfiguration;
			buildSettings = {
				BUNDLE_LOADER = "$(TEST_HOST)";
				FRAMEWORK_SEARCH_PATHS = (
					"$(SDKROOT)/Developer/Library/Frameworks",
					"$(inherited)",
				);
				INFOPLIST_FILE = ToDoListTests/Info.plist;
				LD_RUNPATH_SEARCH_PATHS = "$(inherited) @executable_path/Frameworks @loader_path/Frameworks";
				PRODUCT_NAME = "$(TARGET_NAME)";
				TEST_HOST = "$(BUILT_PRODUCTS_DIR)/ToDoList.app/ToDoList";
			};
			name = Release;
		};
/* End XCBuildConfiguration section */

/* Begin XCConfigurationList section */
		1CEDCE711A888F0C00A04AA6 /* Build configuration list for PBXProject "ToDoList" */ = {
			isa = XCConfigurationList;
			buildConfigurations = (
				1CEDCE971A888F0D00A04AA6 /* Debug */,
				1CEDCE981A888F0D00A04AA6 /* Release */,
			);
			defaultConfigurationIsVisible = 0;
			defaultConfigurationName = Release;
		};
		1CEDCE991A888F0D00A04AA6 /* Build configuration list for PBXNativeTarget "ToDoList" */ = {
			isa = XCConfigurationList;
			buildConfigurations = (
				1CEDCE9A1A888F0D00A04AA6 /* Debug */,
				1CEDCE9B1A888F0D00A04AA6 /* Release */,
			);
			defaultConfigurationIsVisible = 0;
		};
		1CEDCE9C1A888F0D00A04AA6 /* Build configuration list for PBXNativeTarget "ToDoListTests" */ = {
			isa = XCConfigurationList;
			buildConfigurations = (
				1CEDCE9D1A888F0D00A04AA6 /* Debug */,
				1CEDCE9E1A888F0D00A04AA6 /* Release */,
			);
			defaultConfigurationIsVisible = 0;
		};
/* End XCConfigurationList section */
	};
	rootObject = 1CEDCE6E1A888F0C00A04AA6 /* Project object */;
}
